{
  "object": {
    "pins": [
      {
        "package": "RxSwift",
        "repositoryURL": "https://github.com/ReactiveX/RxSwift.git",
        "state": {
          "branch": null,
          "revision": "c1bd31b397d87a54467af4161dde9d6b27720c19",
          "version": "5.1.0"
        }
      },
      {
        "package": "TimelaneCore",
        "repositoryURL": "https://github.com/icanzilb/TimelaneCore",
        "state": {
          "branch": null,
          "revision": "7b57071519e5e60e3f5fe6e4466561d4f2dbe116",
          "version": "1.0.5"
        }
      }
    ]
  },
  "version": 1
}
