{
  "object": {
    "pins": [
      {
        "package": "RxSwift",
        "repositoryURL": "https://github.com/ReactiveX/RxSwift.git",
        "state": {
          "branch": null,
          "revision": "002d325b0bdee94e7882e1114af5ff4fe1e96afa",
          "version": "5.1.1"
        }
      },
      {
        "package": "RxTimelane",
        "repositoryURL": "https://github.com/icanzilb/RxTimelane",
        "state": {
          "branch": null,
          "revision": "17dc615cbe84e101066b4f7683426fbbcd6ffde9",
          "version": "1.0.7"
        }
      },
      {
        "package": "TimelaneCore",
        "repositoryURL": "https://github.com/icanzilb/TimelaneCore",
        "state": {
          "branch": null,
          "revision": "29d9c8c56575819c025b87c836fb1ce320e405df",
          "version": "1.0.8"
        }
      }
    ]
  },
  "version": 1
}
