{
  "object": {
    "pins": [
      {
        "package": "RxSwift",
        "repositoryURL": "https://github.com/ReactiveX/RxSwift.git",
        "state": {
          "branch": null,
          "revision": "c1bd31b397d87a54467af4161dde9d6b27720c19",
          "version": "5.1.0"
        }
      },
      {
        "package": "RxTimelane",
        "repositoryURL": "https://github.com/icanzilb/RxTimelane",
        "state": {
          "branch": null,
          "revision": "dfe3d9f3d5a24905e0a7abb48ff4095900d9ea59",
          "version": "1.0.1"
        }
      },
      {
        "package": "TimelaneCore",
        "repositoryURL": "https://github.com/icanzilb/TimelaneCore",
        "state": {
          "branch": null,
          "revision": "7317572859017ecb1a0e7252d865b659e2647e20",
          "version": "1.0.1"
        }
      }
    ]
  },
  "version": 1
}
