{
  "object": {
    "pins": [
      {
        "package": "RxSwift",
        "repositoryURL": "https://github.com/ReactiveX/RxSwift.git",
        "state": {
          "branch": null,
          "revision": "b3e888b4972d9bc76495dd74d30a8c7fad4b9395",
          "version": "5.0.1"
        }
      },
      {
        "package": "RxTimelane",
        "repositoryURL": "https://github.com/icanzilb/RxTimelane",
        "state": {
          "branch": null,
          "revision": "36b4d1e5263c307251362cd0f14d8a98a8a8eb82",
          "version": "1.0.0"
        }
      },
      {
        "package": "TimelaneCore",
        "repositoryURL": "https://github.com/icanzilb/TimelaneCore",
        "state": {
          "branch": null,
          "revision": "7317572859017ecb1a0e7252d865b659e2647e20",
          "version": "1.0.1"
        }
      }
    ]
  },
  "version": 1
}
